{
  "lockfileVersion": 2,
  "configVersion": 1,
  "workspaces": {
    "": {
      "name": "@vasakgroup/plugin-power-profiles",
      "dependencies": {
        "@tauri-apps/api": "^2.12.1",
      },
      "devDependencies": {
        "@rollup/plugin-typescript": "^12.3.0",
        "rollup": "^4.63.5",
        "tslib": "^2.8.1",
        "typescript": "^5.9.3",
      },
    },
  },
  "packages": {
    "@napi-rs/lzma-linux-x64-gnu": ["@napi-rs/lzma-linux-x64-gnu@1.5.1", "", { "os": "linux", "cpu": "x64" }, "sha512-oTXEIha4SsuXdTA4Iyskj0kpdx2yVXdhd75c2v3xGrHFfVMsbhTPZU/nMPL4sWKo4pBHm3aucLaqGlF696dTyQ=="],

    "@rollup/plugin-typescript": ["@rollup/plugin-typescript@12.3.0", "", { "dependencies": { "@rollup/pluginutils": "^5.1.0", "resolve": "^1.22.1" }, "peerDependencies": { "rollup": "^2.14.0||^3.0.0||^4.0.0", "tslib": "*", "typescript": ">=3.7.0" }, "optionalPeers": ["rollup", "tslib"] }, "sha512-7DP0/p7y3t67+NabT9f8oTBFE6gGkto4SA6Np2oudYmZE/m1dt8RB0SjL1msMxFpLo631qjRCcBlAbq1ml/Big=="],

    "@rollup/pluginutils": ["@rollup/pluginutils@5.4.0", "", { "dependencies": { "@types/estree": "^1.0.0", "estree-walker": "^2.0.2", "picomatch": "^4.0.2" }, "peerDependencies": { "rollup": "^1.20.0||^2.0.0||^3.0.0||^4.0.0" }, "optionalPeers": ["rollup"] }, "sha512-MfPp06CjRLfXQ3wY0R8vJDYBy/MvVcc9OulEfR0B8Iv9ko+GCNaRZ+EpJYFl27LhKsZK0o420sYCRHCjfCgeUg=="],

    "@rollup/rollup-android-arm-eabi": ["@rollup/rollup-android-arm-eabi@4.64.0", "", { "os": "android", "cpu": "arm" }, "sha512-FLLpX941CD/7aBvX3GqLGBM9OvY5PGXTryPJkG5r5/OuBpZpV5k45Uo3RxAvqd35tsyc3hH1bhtz921IKzoIzg=="],

    "@rollup/rollup-android-arm64": ["@rollup/rollup-android-arm64@4.64.0", "", { "os": "android", "cpu": "arm64" }, "sha512-iI32XM/jnDYJsvx5ai/za/7gWO9XoSeFFtU06/ZCaRgyilfJOjaopD3nOpk2WrTCGOyeDt4hleUiGOAnd5tHNg=="],

    "@rollup/rollup-darwin-arm64": ["@rollup/rollup-darwin-arm64@4.64.0", "", { "os": "darwin", "cpu": "arm64" }, "sha512-dRBZlbt2sEtF8Mn4MODThze9fIPdDoOhVSlXMAKy5dQbOYK9pOOoPY4Fat3OTtr0+8zbJo5TTZwlsfxY/kDNJg=="],

    "@rollup/rollup-darwin-x64": ["@rollup/rollup-darwin-x64@4.64.0", "", { "os": "darwin", "cpu": "x64" }, "sha512-Y3whrJOMucfkhgNkvcM93M6j8C53iEAMmPMYD99C6G1kUy4ELigLWk9ar2/4aCBSRgsql0zdlOemLgW2m5GZgQ=="],

    "@rollup/rollup-freebsd-arm64": ["@rollup/rollup-freebsd-arm64@4.64.0", "", { "os": "freebsd", "cpu": "arm64" }, "sha512-S6S1GEzPjFF6IONYJX3AKt/799+8RgBgCcwRnUo+Ep1IvBxUbw5M51iU0TDdK2NWWVnSvCQ8yi6Em0fGASMOng=="],

    "@rollup/rollup-freebsd-x64": ["@rollup/rollup-freebsd-x64@4.64.0", "", { "os": "freebsd", "cpu": "x64" }, "sha512-Ed1DPoFENkXj4IGzSB12SesV40iP6LxCCrbTIkSGIQBpOOxpBM+0kj62lmaeIHfMWTDoddqTOtqc7s8LYfn+Pw=="],

    "@rollup/rollup-linux-arm-gnueabihf": ["@rollup/rollup-linux-arm-gnueabihf@4.64.0", "", { "os": "linux", "cpu": "arm" }, "sha512-J/6xhutJPtFyIkmHdf4olOdHHKH5kOJNumojdWn+Elv5ICEYTVOa362Vw27TxsK0BLzb1le3EDlO3UbvFK1lnQ=="],

    "@rollup/rollup-linux-arm-musleabihf": ["@rollup/rollup-linux-arm-musleabihf@4.64.0", "", { "os": "linux", "cpu": "arm" }, "sha512-G4L/Nnx59d2LvDoV/P4S5lZ7oVLT6hodOHMacqjiq2LL2gts86KbkEBTYL53+fBt0odhf7XPIbIATGoYiJctxg=="],

    "@rollup/rollup-linux-arm64-gnu": ["@rollup/rollup-linux-arm64-gnu@4.64.0", "", { "os": "linux", "cpu": "arm64" }, "sha512-zF16pvJDEUksGYRbfnXne7pdklAyj2XDmJeYKgP93oq0cUyX9Y8O7lUo1R+IY1GagP/YBvCEDCe7eEcAKpw//g=="],

    "@rollup/rollup-linux-arm64-musl": ["@rollup/rollup-linux-arm64-musl@4.64.0", "", { "os": "linux", "cpu": "arm64" }, "sha512-nIggWn8n+w12+R5lsV+PYYoUY8vuObxPAQqJI7WES+9v0qspYuAHoZMfYM0yLxlipasT5BY9ht5W8t5c/rSCkg=="],

    "@rollup/rollup-linux-loong64-gnu": ["@rollup/rollup-linux-loong64-gnu@4.64.0", "", { "os": "linux", "cpu": "none" }, "sha512-WLOTiHPzszP0dxIMsHpFeDSOSB5I49Mj8K4+yKE3H1X/D0JRG5XZ5jrctJLMjnUc/LUzaKiwq6EHWNJ8pup8PA=="],

    "@rollup/rollup-linux-loong64-musl": ["@rollup/rollup-linux-loong64-musl@4.64.0", "", { "os": "linux", "cpu": "none" }, "sha512-35RK9aRhh7g7Pmeu5gQ01aCvrhXzj9LoBE6xtUcEH1ns+nyTaSzxSpADmBQINu4QiTDGvmQYwo1j5hlg1rRXFw=="],

    "@rollup/rollup-linux-ppc64-gnu": ["@rollup/rollup-linux-ppc64-gnu@4.64.0", "", { "os": "linux", "cpu": "ppc64" }, "sha512-RqTfnpoTjuWfPAmqK5p2edt2AMCDJWm6oTn7sKfmyx+6tRga0ip05SJ977o6udTcIiDeF/CJMUfkaN4gtWt6Aw=="],

    "@rollup/rollup-linux-ppc64-musl": ["@rollup/rollup-linux-ppc64-musl@4.64.0", "", { "os": "linux", "cpu": "ppc64" }, "sha512-RQjZPigjxFvFZDijG6rjlSXxhRaTf9zLYVpGK+lVcga64oMqP1GbgVqCb46eHTTceSIgp89Ja0y5aPe3GFBYHg=="],

    "@rollup/rollup-linux-riscv64-gnu": ["@rollup/rollup-linux-riscv64-gnu@4.64.0", "", { "os": "linux", "cpu": "none" }, "sha512-tjL58mgQcTRnDRpeky+Sth1MKQeYi2Ct6r3Luq9E5aTSjnM/i/JbozqZkKqp9thM5+oDSZxo+05f9kdQedfTGA=="],

    "@rollup/rollup-linux-riscv64-musl": ["@rollup/rollup-linux-riscv64-musl@4.64.0", "", { "os": "linux", "cpu": "none" }, "sha512-ictoRyVaoZ8C67myHef+8hhCa6IplXJJ/xUCkVCxziV4zxMZh+jvhkhGsPBLqj1S72fnqD0QH5zL4lcaa4X7DQ=="],

    "@rollup/rollup-linux-s390x-gnu": ["@rollup/rollup-linux-s390x-gnu@4.64.0", "", { "os": "linux", "cpu": "s390x" }, "sha512-8aVvZ2hfr9RLFzBQkQNmYeHLDja8fLeQAmLt757zdKN/B+8L809KlLJKctQjS22wZotptV8G6o7fVPuAs8S1tQ=="],

    "@rollup/rollup-linux-x64-gnu": ["@rollup/rollup-linux-x64-gnu@4.64.0", "", { "os": "linux", "cpu": "x64" }, "sha512-2dEF8GAcDKwshUfydD+GhosppNyBzhVUHkdFF3CXd3FpOkzj/RZzF5aoEtzklujklT5qFVRU2GK/cFeLaTNKVg=="],

    "@rollup/rollup-linux-x64-musl": ["@rollup/rollup-linux-x64-musl@4.64.0", "", { "os": "linux", "cpu": "x64" }, "sha512-3XHTvoo2hKkh0MiOfS7SkhHjMaaWF7P4F3drocZZaho/Z8w7h/jpnuBHm91BOQLfvrKHs1yR+zir4E8RI3XzTQ=="],

    "@rollup/rollup-openbsd-x64": ["@rollup/rollup-openbsd-x64@4.64.0", "", { "os": "openbsd", "cpu": "x64" }, "sha512-HKtkzodL4a3KFWDXDoO61cRynAWTR3LnAE0oGtfG9lcNFpNuVYUFOByxDgNqEvic9rvaQbAj+SFwTEWDptRaIw=="],

    "@rollup/rollup-openharmony-arm64": ["@rollup/rollup-openharmony-arm64@4.64.0", "", { "os": "none", "cpu": "arm64" }, "sha512-JBsxqiY16uyyCujtoC3s7zL+SrYyNElptD7K4V+KUoJ2V8/XG3hPWpheK+SuPwNh1cikJvIZmIdsrYXvD6PLJw=="],

    "@rollup/rollup-win32-arm64-msvc": ["@rollup/rollup-win32-arm64-msvc@4.64.0", "", { "os": "win32", "cpu": "arm64" }, "sha512-S5Qrijh37qhnUYQ0ay8WN3LuWeKjow7wTUyCOPMZtnXiBXYXdsZETI6ZLfYnQAKovltckPLBFdNeD61P2rJc7g=="],

    "@rollup/rollup-win32-ia32-msvc": ["@rollup/rollup-win32-ia32-msvc@4.64.0", "", { "os": "win32", "cpu": "ia32" }, "sha512-zbZ6iMmLFEsCtTdc2/y1F/cDFVNNCPF7Ae8PCT/wdPE//hGwYp6r+MyCLMFX+kOeIe09Pz6ASfnnfpSTN1FJQQ=="],

    "@rollup/rollup-win32-x64-gnu": ["@rollup/rollup-win32-x64-gnu@4.64.0", "", { "os": "win32", "cpu": "x64" }, "sha512-L6Hw69oNpuYaOr1zCG30v0/DqKYCSRwodPGwIcVZ/6f8SOzq9rxtL/xNVI5MO4wjli+Ko0ErK9uHJL3mNPt8wQ=="],

    "@rollup/rollup-win32-x64-msvc": ["@rollup/rollup-win32-x64-msvc@4.64.0", "", { "os": "win32", "cpu": "x64" }, "sha512-nl+CTWIgOGszQmUz/kanfgrfFZ4qiwxKIfT/ryl3N3Ewk5tqizmYtNXiqb7Bu/fDtNgu1kyxdFiAUJNur3iysg=="],

    "@tauri-apps/api": ["@tauri-apps/api@2.12.1", "", {}, "sha512-DeyFHa3wynpyoqTDikDEDGTJIq4LQ5USfolQGRmGIWT6JMADyxZBTDa5cAdT3tDg73rUXufPaCwN7aXBos4OnQ=="],

    "@types/estree": ["@types/estree@1.0.9", "", {}, "sha512-GhdPgy1el4/ImP05X05Uw4cw2/M93BCUmnEvWZNStlCzEKME4Fkk+YpoA5OiHNQmoS7Cafb8Xa3Pya8m1Qrzeg=="],

    "es-errors": ["es-errors@1.3.0", "", {}, "sha512-Zf5H2Kxt2xjTvbJvP2ZWLEICxA6j+hAmMzIlypy4xcBg1vKVnx89Wy0GbS+kf5cwCVFFzdCFh2XSCFNULS6csw=="],

    "estree-walker": ["estree-walker@2.0.2", "", {}, "sha512-Rfkk/Mp/DL7JVje3u18FxFujQlTNR2q6QfMSMB7AvCBx91NGj/ba3kCfza0f6dVDbw7YlRf/nDrn7pQrCCyQ/w=="],

    "fsevents": ["fsevents@2.3.3", "", { "os": "darwin" }, "sha512-5xoDfX+fL7faATnagmWPpbFtwh/R77WmMMqqHGS65C3vvB0YHrgF+B1YmZ3441tMj5n63k0212XNoJwzlhffQw=="],

    "function-bind": ["function-bind@1.1.2", "", {}, "sha512-7XHNxH7qX9xG5mIwxkhumTox/MIRNcOgDrxWsMt2pAr23WHp6MrRlN7FBSFpCpr+oVO0F744iUgR82nJMfG2SA=="],

    "hasown": ["hasown@2.0.4", "", { "dependencies": { "function-bind": "^1.1.2" } }, "sha512-T2UbfbBEF32wiepXIsMlTW9+dDYC6wMh/t/vYA4tuOMKqWz/n3vr1NFSxQiyP+zk2mXsoMA/i/7qV6LKut1t1A=="],

    "is-core-module": ["is-core-module@2.17.0", "", { "dependencies": { "hasown": "^2.0.4" } }, "sha512-J/vG0zBCbIKOQFfufSwyXdMrsohyJIUNkrnmo6WZGzoM7tr/lsbfW5b2BvisL6zsyMzK9UxV9L6c7AoFbyXHOA=="],

    "path-parse": ["path-parse@1.0.7", "", {}, "sha512-LDJzPVEEEPR+y48z93A0Ed0yXb8pAByGWo/k5YYdYgpY2/2EsOsksJrq7lOHxryrVOn1ejG6oAp8ahvOIQD8sw=="],

    "picomatch": ["picomatch@4.0.7", "", {}, "sha512-qcJu88Q2IWqJsDD529JKMdwGm/dvInW4HvQnRwiH9JtihJvzGOscDtHE3x1pBKeUOTysQ8kVmLnJ2kJu7yhcGA=="],

    "resolve": ["resolve@1.22.12", "", { "dependencies": { "es-errors": "^1.3.0", "is-core-module": "^2.16.1", "path-parse": "^1.0.7", "supports-preserve-symlinks-flag": "^1.0.0" }, "bin": { "resolve": "bin/resolve" } }, "sha512-TyeJ1zif53BPfHootBGwPRYT1RUt6oGWsaQr8UyZW/eAm9bKoijtvruSDEmZHm92CwS9nj7/fWttqPCgzep8CA=="],

    "rollup": ["rollup@4.64.0", "", { "dependencies": { "@types/estree": "1.0.9" }, "optionalDependencies": { "@napi-rs/lzma-linux-x64-gnu": "1.5.1", "@rollup/rollup-android-arm-eabi": "4.64.0", "@rollup/rollup-android-arm64": "4.64.0", "@rollup/rollup-darwin-arm64": "4.64.0", "@rollup/rollup-darwin-x64": "4.64.0", "@rollup/rollup-freebsd-arm64": "4.64.0", "@rollup/rollup-freebsd-x64": "4.64.0", "@rollup/rollup-linux-arm-gnueabihf": "4.64.0", "@rollup/rollup-linux-arm-musleabihf": "4.64.0", "@rollup/rollup-linux-arm64-gnu": "4.64.0", "@rollup/rollup-linux-arm64-musl": "4.64.0", "@rollup/rollup-linux-loong64-gnu": "4.64.0", "@rollup/rollup-linux-loong64-musl": "4.64.0", "@rollup/rollup-linux-ppc64-gnu": "4.64.0", "@rollup/rollup-linux-ppc64-musl": "4.64.0", "@rollup/rollup-linux-riscv64-gnu": "4.64.0", "@rollup/rollup-linux-riscv64-musl": "4.64.0", "@rollup/rollup-linux-s390x-gnu": "4.64.0", "@rollup/rollup-linux-x64-gnu": "4.64.0", "@rollup/rollup-linux-x64-musl": "4.64.0", "@rollup/rollup-openbsd-x64": "4.64.0", "@rollup/rollup-openharmony-arm64": "4.64.0", "@rollup/rollup-win32-arm64-msvc": "4.64.0", "@rollup/rollup-win32-ia32-msvc": "4.64.0", "@rollup/rollup-win32-x64-gnu": "4.64.0", "@rollup/rollup-win32-x64-msvc": "4.64.0", "fsevents": "~2.3.2" }, "bin": { "rollup": "dist/bin/rollup" } }, "sha512-gjA/kFeDfffII8COoPsvLPvE16hWDTEc1+0QKQNKUkuV8iJjqsC4xXs8/FzuL0v9EV39kuxTbAgcFoTRyy2TGQ=="],

    "supports-preserve-symlinks-flag": ["supports-preserve-symlinks-flag@1.0.0", "", {}, "sha512-ot0WnXS9fgdkgIcePe6RHNk1WA8+muPa6cSjeR3V8K27q9BB1rTE3R1p7Hv0z1ZyAc8s6Vvv8DIyWf681MAt0w=="],

    "tslib": ["tslib@2.8.1", "", {}, "sha512-oJFu94HQb+KVduSUQL7wnpmqnfmLsOA/nAh6b6EH0wCEoK0/mPeXU6c3wKDV83MkOuHPRHtSXKKU99IBazS/2w=="],

    "typescript": ["typescript@5.9.3", "", { "bin": { "tsc": "bin/tsc", "tsserver": "bin/tsserver" } }, "sha512-jl1vZzPDinLr9eUt3J/t7V6FgNEw9QjvBPdysz9KfQDD41fQrC2Y4vKQdiaUpFT4bXlb1RHhLpp8wtm6M5TgSw=="],
  }
}
